
Microsoft Visual Studio Solution File, Format Version 12.00
# Visual Studio Version 17
VisualStudioVersion = 17.9.34728.123
MinimumVisualStudioVersion = 10.0.40219.1
Project("{FAE04EC0-301F-11D3-BF4B-00C04F79EFBC}") = "notes.ui", "notes.ui\notes.ui.csproj", "{90CE8272-7E3C-400C-86C9-09A83F5BE48F}"
EndProject
Global
	GlobalSection(SolutionConfigurationPlatforms) = preSolution
		Debug|Any CPU = Debug|Any CPU
		Release|Any CPU = Release|Any CPU
	EndGlobalSection
	GlobalSection(ProjectConfigurationPlatforms) = postSolution
		{90CE8272-7E3C-400C-86C9-09A83F5BE48F}.Debug|Any CPU.ActiveCfg = Debug|Any CPU
		{90CE8272-7E3C-400C-86C9-09A83F5BE48F}.Debug|Any CPU.Build.0 = Debug|Any CPU
		{90CE8272-7E3C-400C-86C9-09A83F5BE48F}.Debug|Any CPU.Deploy.0 = Debug|Any CPU
		{90CE8272-7E3C-400C-86C9-09A83F5BE48F}.Release|Any CPU.ActiveCfg = Release|Any CPU
		{90CE8272-7E3C-400C-86C9-09A83F5BE48F}.Release|Any CPU.Build.0 = Release|Any CPU
		{90CE8272-7E3C-400C-86C9-09A83F5BE48F}.Release|Any CPU.Deploy.0 = Release|Any CPU
	EndGlobalSection
	GlobalSection(SolutionProperties) = preSolution
		HideSolutionNode = FALSE
	EndGlobalSection
	GlobalSection(ExtensibilityGlobals) = postSolution
		SolutionGuid = {FAC1E10E-077A-46C3-86F3-0AE886C09C2E}
	EndGlobalSection
EndGlobal
